
Microsoft Visual Studio Solution File, Format Version 12.00
# Visual Studio Version 17
VisualStudioVersion = 17.7.34202.233
MinimumVisualStudioVersion = 10.0.40219.1
Project("{FAE04EC0-301F-11D3-BF4B-00C04F79EFBC}") = "WebAPI.Net6.BaseRepositoryGenerics", "WebAPI.Net6.BaseRepositoryGenerics\WebAPI.Net6.BaseRepositoryGenerics.csproj", "{212C3A37-9B25-4786-991F-43A8EA30CC0C}"
EndProject
Project("{2150E333-8FDC-42A3-9474-1A3956D46DE8}") = "src", "src", "{1B034071-19A0-4D6A-8417-961DE7CFD9B3}"
EndProject
Project("{2150E333-8FDC-42A3-9474-1A3956D46DE8}") = "test", "test", "{D1FEB41D-6400-478D-A1C4-434316030A0F}"
EndProject
Project("{FAE04EC0-301F-11D3-BF4B-00C04F79EFBC}") = "WebAPI.Net6.BaseRepositoryGenericsTests", "WebAPI.Net6.BaseRepositoryGenericsTests\WebAPI.Net6.BaseRepositoryGenericsTests.csproj", "{A47578E4-192E-44BB-A0AE-2803F33F4AA5}"
EndProject
Global
	GlobalSection(SolutionConfigurationPlatforms) = preSolution
		Debug|Any CPU = Debug|Any CPU
		Release|Any CPU = Release|Any CPU
	EndGlobalSection
	GlobalSection(ProjectConfigurationPlatforms) = postSolution
		{212C3A37-9B25-4786-991F-43A8EA30CC0C}.Debug|Any CPU.ActiveCfg = Debug|Any CPU
		{212C3A37-9B25-4786-991F-43A8EA30CC0C}.Debug|Any CPU.Build.0 = Debug|Any CPU
		{212C3A37-9B25-4786-991F-43A8EA30CC0C}.Release|Any CPU.ActiveCfg = Release|Any CPU
		{212C3A37-9B25-4786-991F-43A8EA30CC0C}.Release|Any CPU.Build.0 = Release|Any CPU
		{A47578E4-192E-44BB-A0AE-2803F33F4AA5}.Debug|Any CPU.ActiveCfg = Debug|Any CPU
		{A47578E4-192E-44BB-A0AE-2803F33F4AA5}.Debug|Any CPU.Build.0 = Debug|Any CPU
		{A47578E4-192E-44BB-A0AE-2803F33F4AA5}.Release|Any CPU.ActiveCfg = Release|Any CPU
		{A47578E4-192E-44BB-A0AE-2803F33F4AA5}.Release|Any CPU.Build.0 = Release|Any CPU
	EndGlobalSection
	GlobalSection(SolutionProperties) = preSolution
		HideSolutionNode = FALSE
	EndGlobalSection
	GlobalSection(NestedProjects) = preSolution
		{212C3A37-9B25-4786-991F-43A8EA30CC0C} = {1B034071-19A0-4D6A-8417-961DE7CFD9B3}
		{A47578E4-192E-44BB-A0AE-2803F33F4AA5} = {D1FEB41D-6400-478D-A1C4-434316030A0F}
	EndGlobalSection
	GlobalSection(ExtensibilityGlobals) = postSolution
		SolutionGuid = {D36812AF-87E0-4278-BA05-FC29E9D1E322}
	EndGlobalSection
EndGlobal
